
Microsoft Visual Studio Solution File, Format Version 12.00
# Visual Studio Version 17
VisualStudioVersion = 17.10.35122.118
MinimumVisualStudioVersion = 10.0.40219.1
Project("{FAE04EC0-301F-11D3-BF4B-00C04F79EFBC}") = "Niveis de acesso", "Niveis de acesso\Niveis de acesso.csproj", "{B7A71B80-17FA-4621-BCD5-269AC224D005}"
EndProject
Global
	GlobalSection(SolutionConfigurationPlatforms) = preSolution
		Debug|Any CPU = Debug|Any CPU
		Release|Any CPU = Release|Any CPU
	EndGlobalSection
	GlobalSection(ProjectConfigurationPlatforms) = postSolution
		{B7A71B80-17FA-4621-BCD5-269AC224D005}.Debug|Any CPU.ActiveCfg = Debug|Any CPU
		{B7A71B80-17FA-4621-BCD5-269AC224D005}.Debug|Any CPU.Build.0 = Debug|Any CPU
		{B7A71B80-17FA-4621-BCD5-269AC224D005}.Release|Any CPU.ActiveCfg = Release|Any CPU
		{B7A71B80-17FA-4621-BCD5-269AC224D005}.Release|Any CPU.Build.0 = Release|Any CPU
	EndGlobalSection
	GlobalSection(SolutionProperties) = preSolution
		HideSolutionNode = FALSE
	EndGlobalSection
	GlobalSection(ExtensibilityGlobals) = postSolution
		SolutionGuid = {F9F86FAF-6643-41EF-8506-FCA9094452E8}
	EndGlobalSection
EndGlobal
